
Microsoft Visual Studio Solution File, Format Version 12.00
# Visual Studio Version 17
VisualStudioVersion = 17.0.31808.319
MinimumVisualStudioVersion = 10.0.40219.1
Project("{FAE04EC0-301F-11D3-BF4B-00C04F79EFBC}") = "chetnie_sosedi", "chetnie_sosedi\chetnie_sosedi.csproj", "{B739FD68-C1BA-4A3B-9C03-7C63375EF3EC}"
EndProject
Global
	GlobalSection(SolutionConfigurationPlatforms) = preSolution
		Debug|Any CPU = Debug|Any CPU
		Release|Any CPU = Release|Any CPU
	EndGlobalSection
	GlobalSection(ProjectConfigurationPlatforms) = postSolution
		{B739FD68-C1BA-4A3B-9C03-7C63375EF3EC}.Debug|Any CPU.ActiveCfg = Debug|Any CPU
		{B739FD68-C1BA-4A3B-9C03-7C63375EF3EC}.Debug|Any CPU.Build.0 = Debug|Any CPU
		{B739FD68-C1BA-4A3B-9C03-7C63375EF3EC}.Release|Any CPU.ActiveCfg = Release|Any CPU
		{B739FD68-C1BA-4A3B-9C03-7C63375EF3EC}.Release|Any CPU.Build.0 = Release|Any CPU
	EndGlobalSection
	GlobalSection(SolutionProperties) = preSolution
		HideSolutionNode = FALSE
	EndGlobalSection
	GlobalSection(ExtensibilityGlobals) = postSolution
		SolutionGuid = {275B4E4D-8683-4F8F-ACD9-3C26525FD26C}
	EndGlobalSection
EndGlobal
